lockfileVersion: '9.0'

settings:
  autoInstallPeers: true
  excludeLinksFromLockfile: false

importers:

  .:
    devDependencies:
      '@scaffscript/core':
        specifier: ^0.1.5
        version: 0.1.5(typescript@5.9.3)

packages:

  '@scaffscript/core@0.1.5':
    resolution: {integrity: sha512-6v7qYkVQzDTh6MBmbT+A2PmsJjtUDETIzF7nAHvfR4E75uSLsdZtuMwrPLEVhV/1pnV9DuXCSmcYhnef2H2U6A==}
    hasBin: true
    peerDependencies:
      typescript: ^5

  typescript@5.9.3:
    resolution: {integrity: sha512-jl1vZzPDinLr9eUt3J/t7V6FgNEw9QjvBPdysz9KfQDD41fQrC2Y4vKQdiaUpFT4bXlb1RHhLpp8wtm6M5TgSw==}
    engines: {node: '>=14.17'}
    hasBin: true

snapshots:

  '@scaffscript/core@0.1.5(typescript@5.9.3)':
    dependencies:
      typescript: 5.9.3

  typescript@5.9.3: {}
