{
  "name": "scaffscript-compiler",
  "version": "0.1.1",
  "lockfileVersion": 3,
  "requires": true,
  "packages": {
    "node_modules/@scaffscript/core": {
      "version": "0.1.5",
      "resolved": "https://registry.npmjs.org/@scaffscript/core/-/core-0.1.5.tgz",
      "integrity": "sha512-6v7qYkVQzDTh6MBmbT+A2PmsJjtUDETIzF7nAHvfR4E75uSLsdZtuMwrPLEVhV/1pnV9DuXCSmcYhnef2H2U6A==",
      "dev": true,
      "license": "MIT",
      "bin": {
        "scaff": "dist/index.cjs"
      },
      "peerDependencies": {
        "typescript": "^5"
      }
    },
    "node_modules/typescript": {
      "version": "5.9.3",
      "resolved": "https://registry.npmjs.org/typescript/-/typescript-5.9.3.tgz",
      "integrity": "sha512-jl1vZzPDinLr9eUt3J/t7V6FgNEw9QjvBPdysz9KfQDD41fQrC2Y4vKQdiaUpFT4bXlb1RHhLpp8wtm6M5TgSw==",
      "dev": true,
      "license": "Apache-2.0",
      "peer": true,
      "bin": {
        "tsc": "bin/tsc",
        "tsserver": "bin/tsserver"
      },
      "engines": {
        "node": ">=14.17"
      }
    }
  }
}
